<Solution>
  <Configurations>
    <Platform Name="x64" />
    <Platform Name="x86" />
  </Configurations>
  <Project Path="Project1/Project1.vcxproj" Id="4e119bf2-e749-47ee-9f64-55111f8d90a0" />
  <Project Path="raw_socket_udp/raw_socket_udp.vcxproj" Id="cc0782d1-9e9e-4074-8441-ae68077b096c" />
  <Project Path="test/test.vcxproj" Id="9722f07e-39fc-4e0e-83ae-3239908af1d8" />
  <Project Path="test0715/test0715.vcxproj" Id="a0131469-3418-4b07-a949-2186207e144e" />
  <Project Path="tetris_2/tetris_2.vcxproj" Id="933c52da-ba19-4162-9a5b-88ed5f44b4bc" />
</Solution>
